
Microsoft Visual Studio Solution File, Format Version 12.00
# Visual Studio 14
VisualStudioVersion = 14.0.25420.1
MinimumVisualStudioVersion = 10.0.40219.1
Project("{2150E333-8FDC-42A3-9474-1A3956D46DE8}") = "src", "src", "{C8E772AB-D562-4570-9434-7B41E5690739}"
EndProject
Project("{2150E333-8FDC-42A3-9474-1A3956D46DE8}") = "Solution Items", "Solution Items", "{668DB828-3D89-45CC-BE3C-98E5DBFD147D}"
	ProjectSection(SolutionItems) = preProject
		global.json = global.json
	EndProjectSection
EndProject
Project("{8BB2217D-0F2D-49D1-97BC-3654ED321F3B}") = "PatientRecordsApiNG", "src\WebApplication1\PatientRecordsApiNG.xproj", "{FA696CB1-226C-4EF3-8A31-9075A254388E}"
EndProject
Global
	GlobalSection(SolutionConfigurationPlatforms) = preSolution
		Debug|Any CPU = Debug|Any CPU
		Release|Any CPU = Release|Any CPU
	EndGlobalSection
	GlobalSection(ProjectConfigurationPlatforms) = postSolution
		{FA696CB1-226C-4EF3-8A31-9075A254388E}.Debug|Any CPU.ActiveCfg = Debug|Any CPU
		{FA696CB1-226C-4EF3-8A31-9075A254388E}.Debug|Any CPU.Build.0 = Debug|Any CPU
		{FA696CB1-226C-4EF3-8A31-9075A254388E}.Release|Any CPU.ActiveCfg = Release|Any CPU
		{FA696CB1-226C-4EF3-8A31-9075A254388E}.Release|Any CPU.Build.0 = Release|Any CPU
	EndGlobalSection
	GlobalSection(SolutionProperties) = preSolution
		HideSolutionNode = FALSE
	EndGlobalSection
	GlobalSection(NestedProjects) = preSolution
		{FA696CB1-226C-4EF3-8A31-9075A254388E} = {C8E772AB-D562-4570-9434-7B41E5690739}
	EndGlobalSection
EndGlobal
